
Microsoft Visual Studio Solution File, Format Version 12.00
# Visual Studio 15
VisualStudioVersion = 15.0.28307.705
MinimumVisualStudioVersion = 10.0.40219.1
Project("{2150E333-8FDC-42A3-9474-1A3956D46DE8}") = "Sample", "Sample", "{9DE700C2-BC65-450F-909F-F1F1A736F4D7}"
EndProject
Project("{FAE04EC0-301F-11D3-BF4B-00C04F79EFBC}") = "WindowsForms", "WindowsForms\WindowsForms.csproj", "{61C35860-30D2-4B23-8893-37E5724755E9}"
EndProject
Project("{9A19103F-16F7-4668-BE54-9A1E7A4F7556}") = "NetCore.IntefaceFramework.WebApi", "NetCore.IntefaceFramework.WebApi\NetCore.IntefaceFramework.WebApi.csproj", "{572C8FCA-7B54-4F5F-81D9-985B2B76C64F}"
EndProject
Project("{9A19103F-16F7-4668-BE54-9A1E7A4F7556}") = "ConsoleApp", "..\..\反射\ConsoleApp\ConsoleApp.csproj", "{63FA0A9E-B912-4B08-96CC-6F89A8249273}"
EndProject
Project("{FAE04EC0-301F-11D3-BF4B-00C04F79EFBC}") = "Net.InterfaceFramework.WebApi", "Net.InterfaceFramework.WebApi\Net.InterfaceFramework.WebApi.csproj", "{7CCDBFA5-C662-4613-8E46-E21CCD55088C}"
EndProject
Project("{9A19103F-16F7-4668-BE54-9A1E7A4F7556}") = "T4Template.Mangers", "T4Template.Mangers\T4Template.Mangers.csproj", "{01157544-2E45-4890-9B06-CB25D275FE99}"
EndProject
Project("{9A19103F-16F7-4668-BE54-9A1E7A4F7556}") = "Framework.Common", "Framework\Framework.Common\Framework.Common.csproj", "{D071178C-385A-411B-90A0-CA50E56B584D}"
EndProject
Project("{9A19103F-16F7-4668-BE54-9A1E7A4F7556}") = "Framework.Data", "Framework\Framework.Data\Framework.Data.csproj", "{B29027AD-472E-4ED2-9A2A-F8F0BBB3C5F2}"
EndProject
Project("{9A19103F-16F7-4668-BE54-9A1E7A4F7556}") = "Framework.Log", "Framework\Framework.Log\Framework.Log.csproj", "{30426E71-4F98-4170-A254-434FD45E0496}"
EndProject
Project("{2150E333-8FDC-42A3-9474-1A3956D46DE8}") = "Framework", "Framework", "{0D46F727-3FE1-4E6A-9912-93D048516216}"
EndProject
Project("{2150E333-8FDC-42A3-9474-1A3956D46DE8}") = "NetStandard2.0", "NetStandard2.0", "{359EFE9E-3633-4558-AA03-3E46D3C8828B}"
EndProject
Project("{2150E333-8FDC-42A3-9474-1A3956D46DE8}") = "NetFramework", "NetFramework", "{4AD46C58-A712-4488-8584-D9F63C87DEA6}"
EndProject
Project("{FAE04EC0-301F-11D3-BF4B-00C04F79EFBC}") = "Net.Framework.Log", "Net.Framework.Log\Net.Framework.Log.csproj", "{EF0012C9-6339-465F-B2A5-B7ACDE4FE1E5}"
EndProject
Project("{9A19103F-16F7-4668-BE54-9A1E7A4F7556}") = "Sample.ConsoleApp.T4Template", "Sample.ConsoleApp.T4Template\Sample.ConsoleApp.T4Template.csproj", "{3CF1CB4B-46AC-4AE5-BEF4-74BBDFC65526}"
EndProject
Project("{9A19103F-16F7-4668-BE54-9A1E7A4F7556}") = "Quartz.NET", "Quartz.NET\Quartz.NET.csproj", "{F8502B73-D9C3-44A1-9A80-0FBBA6677DC1}"
EndProject
Project("{FAE04EC0-301F-11D3-BF4B-00C04F79EFBC}") = "ConsoleApp.Quartz.NET", "ConsoleApp.Quartz.NET\ConsoleApp.Quartz.NET.csproj", "{D0042A05-815D-4C72-9B50-583B55E2C027}"
EndProject
Project("{FAE04EC0-301F-11D3-BF4B-00C04F79EFBC}") = "JSZS.Quartz.NET", "JSZS.Quartz.NET\JSZS.Quartz.NET.csproj", "{A19E69A8-509B-41A0-869C-ECB0959391C8}"
EndProject
Project("{9A19103F-16F7-4668-BE54-9A1E7A4F7556}") = "NetCore.VueCMS.ApiService", "NetCore.VueCMS.ApiService\NetCore.VueCMS.ApiService.csproj", "{86C2F057-C258-4B83-A15B-6541E464CFF6}"
EndProject
Project("{FAE04EC0-301F-11D3-BF4B-00C04F79EFBC}") = "Wpf4", "Wpf4\Wpf4.csproj", "{38EC0ADB-49F6-4A66-A299-87E03BC8764D}"
EndProject
Project("{9A19103F-16F7-4668-BE54-9A1E7A4F7556}") = "TZTZTimerJob", "TZTZTimerJob\TZTZTimerJob.csproj", "{F7243878-8403-4486-803F-8701C81DC9FF}"
EndProject
Project("{FAE04EC0-301F-11D3-BF4B-00C04F79EFBC}") = "NetCore.Cnblogs.ApiService", "NetCore.Cnblogs.ApiService\NetCore.Cnblogs.ApiService.csproj", "{2395B63C-1380-4DCC-8521-42F8812CFA9A}"
EndProject
Global
	GlobalSection(SolutionConfigurationPlatforms) = preSolution
		Debug|Any CPU = Debug|Any CPU
		Release|Any CPU = Release|Any CPU
	EndGlobalSection
	GlobalSection(ProjectConfigurationPlatforms) = postSolution
		{61C35860-30D2-4B23-8893-37E5724755E9}.Debug|Any CPU.ActiveCfg = Debug|Any CPU
		{61C35860-30D2-4B23-8893-37E5724755E9}.Debug|Any CPU.Build.0 = Debug|Any CPU
		{61C35860-30D2-4B23-8893-37E5724755E9}.Release|Any CPU.ActiveCfg = Release|Any CPU
		{61C35860-30D2-4B23-8893-37E5724755E9}.Release|Any CPU.Build.0 = Release|Any CPU
		{572C8FCA-7B54-4F5F-81D9-985B2B76C64F}.Debug|Any CPU.ActiveCfg = Debug|Any CPU
		{572C8FCA-7B54-4F5F-81D9-985B2B76C64F}.Debug|Any CPU.Build.0 = Debug|Any CPU
		{572C8FCA-7B54-4F5F-81D9-985B2B76C64F}.Release|Any CPU.ActiveCfg = Release|Any CPU
		{572C8FCA-7B54-4F5F-81D9-985B2B76C64F}.Release|Any CPU.Build.0 = Release|Any CPU
		{63FA0A9E-B912-4B08-96CC-6F89A8249273}.Debug|Any CPU.ActiveCfg = Debug|Any CPU
		{63FA0A9E-B912-4B08-96CC-6F89A8249273}.Debug|Any CPU.Build.0 = Debug|Any CPU
		{63FA0A9E-B912-4B08-96CC-6F89A8249273}.Release|Any CPU.ActiveCfg = Release|Any CPU
		{63FA0A9E-B912-4B08-96CC-6F89A8249273}.Release|Any CPU.Build.0 = Release|Any CPU
		{7CCDBFA5-C662-4613-8E46-E21CCD55088C}.Debug|Any CPU.ActiveCfg = Debug|Any CPU
		{7CCDBFA5-C662-4613-8E46-E21CCD55088C}.Debug|Any CPU.Build.0 = Debug|Any CPU
		{7CCDBFA5-C662-4613-8E46-E21CCD55088C}.Release|Any CPU.ActiveCfg = Release|Any CPU
		{7CCDBFA5-C662-4613-8E46-E21CCD55088C}.Release|Any CPU.Build.0 = Release|Any CPU
		{01157544-2E45-4890-9B06-CB25D275FE99}.Debug|Any CPU.ActiveCfg = Debug|Any CPU
		{01157544-2E45-4890-9B06-CB25D275FE99}.Debug|Any CPU.Build.0 = Debug|Any CPU
		{01157544-2E45-4890-9B06-CB25D275FE99}.Release|Any CPU.ActiveCfg = Release|Any CPU
		{01157544-2E45-4890-9B06-CB25D275FE99}.Release|Any CPU.Build.0 = Release|Any CPU
		{D071178C-385A-411B-90A0-CA50E56B584D}.Debug|Any CPU.ActiveCfg = Debug|Any CPU
		{D071178C-385A-411B-90A0-CA50E56B584D}.Debug|Any CPU.Build.0 = Debug|Any CPU
		{D071178C-385A-411B-90A0-CA50E56B584D}.Release|Any CPU.ActiveCfg = Release|Any CPU
		{D071178C-385A-411B-90A0-CA50E56B584D}.Release|Any CPU.Build.0 = Release|Any CPU
		{B29027AD-472E-4ED2-9A2A-F8F0BBB3C5F2}.Debug|Any CPU.ActiveCfg = Debug|Any CPU
		{B29027AD-472E-4ED2-9A2A-F8F0BBB3C5F2}.Debug|Any CPU.Build.0 = Debug|Any CPU
		{B29027AD-472E-4ED2-9A2A-F8F0BBB3C5F2}.Release|Any CPU.ActiveCfg = Release|Any CPU
		{B29027AD-472E-4ED2-9A2A-F8F0BBB3C5F2}.Release|Any CPU.Build.0 = Release|Any CPU
		{30426E71-4F98-4170-A254-434FD45E0496}.Debug|Any CPU.ActiveCfg = Debug|Any CPU
		{30426E71-4F98-4170-A254-434FD45E0496}.Debug|Any CPU.Build.0 = Debug|Any CPU
		{30426E71-4F98-4170-A254-434FD45E0496}.Release|Any CPU.ActiveCfg = Release|Any CPU
		{30426E71-4F98-4170-A254-434FD45E0496}.Release|Any CPU.Build.0 = Release|Any CPU
		{EF0012C9-6339-465F-B2A5-B7ACDE4FE1E5}.Debug|Any CPU.ActiveCfg = Debug|Any CPU
		{EF0012C9-6339-465F-B2A5-B7ACDE4FE1E5}.Debug|Any CPU.Build.0 = Debug|Any CPU
		{EF0012C9-6339-465F-B2A5-B7ACDE4FE1E5}.Release|Any CPU.ActiveCfg = Release|Any CPU
		{EF0012C9-6339-465F-B2A5-B7ACDE4FE1E5}.Release|Any CPU.Build.0 = Release|Any CPU
		{3CF1CB4B-46AC-4AE5-BEF4-74BBDFC65526}.Debug|Any CPU.ActiveCfg = Debug|Any CPU
		{3CF1CB4B-46AC-4AE5-BEF4-74BBDFC65526}.Debug|Any CPU.Build.0 = Debug|Any CPU
		{3CF1CB4B-46AC-4AE5-BEF4-74BBDFC65526}.Release|Any CPU.ActiveCfg = Release|Any CPU
		{3CF1CB4B-46AC-4AE5-BEF4-74BBDFC65526}.Release|Any CPU.Build.0 = Release|Any CPU
		{F8502B73-D9C3-44A1-9A80-0FBBA6677DC1}.Debug|Any CPU.ActiveCfg = Debug|Any CPU
		{F8502B73-D9C3-44A1-9A80-0FBBA6677DC1}.Debug|Any CPU.Build.0 = Debug|Any CPU
		{F8502B73-D9C3-44A1-9A80-0FBBA6677DC1}.Release|Any CPU.ActiveCfg = Release|Any CPU
		{F8502B73-D9C3-44A1-9A80-0FBBA6677DC1}.Release|Any CPU.Build.0 = Release|Any CPU
		{D0042A05-815D-4C72-9B50-583B55E2C027}.Debug|Any CPU.ActiveCfg = Debug|Any CPU
		{D0042A05-815D-4C72-9B50-583B55E2C027}.Debug|Any CPU.Build.0 = Debug|Any CPU
		{D0042A05-815D-4C72-9B50-583B55E2C027}.Release|Any CPU.ActiveCfg = Release|Any CPU
		{D0042A05-815D-4C72-9B50-583B55E2C027}.Release|Any CPU.Build.0 = Release|Any CPU
		{A19E69A8-509B-41A0-869C-ECB0959391C8}.Debug|Any CPU.ActiveCfg = Debug|Any CPU
		{A19E69A8-509B-41A0-869C-ECB0959391C8}.Debug|Any CPU.Build.0 = Debug|Any CPU
		{A19E69A8-509B-41A0-869C-ECB0959391C8}.Release|Any CPU.ActiveCfg = Release|Any CPU
		{A19E69A8-509B-41A0-869C-ECB0959391C8}.Release|Any CPU.Build.0 = Release|Any CPU
		{86C2F057-C258-4B83-A15B-6541E464CFF6}.Debug|Any CPU.ActiveCfg = Debug|Any CPU
		{86C2F057-C258-4B83-A15B-6541E464CFF6}.Debug|Any CPU.Build.0 = Debug|Any CPU
		{86C2F057-C258-4B83-A15B-6541E464CFF6}.Release|Any CPU.ActiveCfg = Release|Any CPU
		{86C2F057-C258-4B83-A15B-6541E464CFF6}.Release|Any CPU.Build.0 = Release|Any CPU
		{38EC0ADB-49F6-4A66-A299-87E03BC8764D}.Debug|Any CPU.ActiveCfg = Debug|Any CPU
		{38EC0ADB-49F6-4A66-A299-87E03BC8764D}.Debug|Any CPU.Build.0 = Debug|Any CPU
		{38EC0ADB-49F6-4A66-A299-87E03BC8764D}.Release|Any CPU.ActiveCfg = Release|Any CPU
		{38EC0ADB-49F6-4A66-A299-87E03BC8764D}.Release|Any CPU.Build.0 = Release|Any CPU
		{F7243878-8403-4486-803F-8701C81DC9FF}.Debug|Any CPU.ActiveCfg = Debug|Any CPU
		{F7243878-8403-4486-803F-8701C81DC9FF}.Debug|Any CPU.Build.0 = Debug|Any CPU
		{F7243878-8403-4486-803F-8701C81DC9FF}.Release|Any CPU.ActiveCfg = Release|Any CPU
		{F7243878-8403-4486-803F-8701C81DC9FF}.Release|Any CPU.Build.0 = Release|Any CPU
		{2395B63C-1380-4DCC-8521-42F8812CFA9A}.Debug|Any CPU.ActiveCfg = Debug|Any CPU
		{2395B63C-1380-4DCC-8521-42F8812CFA9A}.Debug|Any CPU.Build.0 = Debug|Any CPU
		{2395B63C-1380-4DCC-8521-42F8812CFA9A}.Release|Any CPU.ActiveCfg = Release|Any CPU
		{2395B63C-1380-4DCC-8521-42F8812CFA9A}.Release|Any CPU.Build.0 = Release|Any CPU
	EndGlobalSection
	GlobalSection(SolutionProperties) = preSolution
		HideSolutionNode = FALSE
	EndGlobalSection
	GlobalSection(NestedProjects) = preSolution
		{61C35860-30D2-4B23-8893-37E5724755E9} = {9DE700C2-BC65-450F-909F-F1F1A736F4D7}
		{63FA0A9E-B912-4B08-96CC-6F89A8249273} = {9DE700C2-BC65-450F-909F-F1F1A736F4D7}
		{7CCDBFA5-C662-4613-8E46-E21CCD55088C} = {9DE700C2-BC65-450F-909F-F1F1A736F4D7}
		{01157544-2E45-4890-9B06-CB25D275FE99} = {9DE700C2-BC65-450F-909F-F1F1A736F4D7}
		{D071178C-385A-411B-90A0-CA50E56B584D} = {359EFE9E-3633-4558-AA03-3E46D3C8828B}
		{B29027AD-472E-4ED2-9A2A-F8F0BBB3C5F2} = {359EFE9E-3633-4558-AA03-3E46D3C8828B}
		{30426E71-4F98-4170-A254-434FD45E0496} = {359EFE9E-3633-4558-AA03-3E46D3C8828B}
		{359EFE9E-3633-4558-AA03-3E46D3C8828B} = {0D46F727-3FE1-4E6A-9912-93D048516216}
		{4AD46C58-A712-4488-8584-D9F63C87DEA6} = {0D46F727-3FE1-4E6A-9912-93D048516216}
		{EF0012C9-6339-465F-B2A5-B7ACDE4FE1E5} = {4AD46C58-A712-4488-8584-D9F63C87DEA6}
		{3CF1CB4B-46AC-4AE5-BEF4-74BBDFC65526} = {9DE700C2-BC65-450F-909F-F1F1A736F4D7}
		{F8502B73-D9C3-44A1-9A80-0FBBA6677DC1} = {9DE700C2-BC65-450F-909F-F1F1A736F4D7}
		{D0042A05-815D-4C72-9B50-583B55E2C027} = {9DE700C2-BC65-450F-909F-F1F1A736F4D7}
		{A19E69A8-509B-41A0-869C-ECB0959391C8} = {9DE700C2-BC65-450F-909F-F1F1A736F4D7}
		{38EC0ADB-49F6-4A66-A299-87E03BC8764D} = {9DE700C2-BC65-450F-909F-F1F1A736F4D7}
		{F7243878-8403-4486-803F-8701C81DC9FF} = {9DE700C2-BC65-450F-909F-F1F1A736F4D7}
	EndGlobalSection
	GlobalSection(ExtensibilityGlobals) = postSolution
		SolutionGuid = {5D57271E-BE59-4C3E-AC81-63803B52E8A5}
	EndGlobalSection
EndGlobal
