
Microsoft Visual Studio Solution File, Format Version 12.00
# Visual Studio Version 16
VisualStudioVersion = 16.0.30611.23
MinimumVisualStudioVersion = 10.0.40219.1
Project("{9A19103F-16F7-4668-BE54-9A1E7A4F7556}") = "Delegate.Sample", "Delegate.Sample\Delegate.Sample.csproj", "{BF4BC0E0-99E2-4585-AB06-37EE173F4F15}"
EndProject
Project("{9A19103F-16F7-4668-BE54-9A1E7A4F7556}") = "Tools.Sample", "Tools.Sample\Tools.Sample.csproj", "{1C0BFD46-CB71-4951-981E-B280CDCB5558}"
EndProject
Project("{9A19103F-16F7-4668-BE54-9A1E7A4F7556}") = "Unit.Sample", "Unit.Sample\Unit.Sample.csproj", "{BD16C9CE-EDE1-4643-9B5D-CFC07F9FB194}"
EndProject
Project("{2150E333-8FDC-42A3-9474-1A3956D46DE8}") = "test", "test", "{B1AEA81B-1EA1-4038-AFE8-FD457AF01E3F}"
EndProject
Project("{9A19103F-16F7-4668-BE54-9A1E7A4F7556}") = "Unit.Sample.XUnitTestProject", "test\Unit.Sample.XUnitTestProject\Unit.Sample.XUnitTestProject.csproj", "{19084DE8-1DFF-46E2-9342-C10BF6D3C6D8}"
EndProject
Project("{2150E333-8FDC-42A3-9474-1A3956D46DE8}") = "Zipkin.Sample", "Zipkin.Sample", "{F529E152-B129-4AB5-A176-9D1F10D0150D}"
EndProject
Project("{9A19103F-16F7-4668-BE54-9A1E7A4F7556}") = "UserService", "Zipkin.Sample\UserService\UserService.csproj", "{4623A7C8-61B3-4BBE-AE91-DFC9DA1A05CD}"
EndProject
Project("{9A19103F-16F7-4668-BE54-9A1E7A4F7556}") = "ProductService", "Zipkin.Sample\ProductService\ProductService.csproj", "{382A6818-1D5E-4211-B16A-060488011085}"
EndProject
Project("{2150E333-8FDC-42A3-9474-1A3956D46DE8}") = "Snacksone.SDK", "Snacksone.SDK", "{7B980A40-841F-475D-99B8-8EC7C0D735A5}"
EndProject
Project("{9A19103F-16F7-4668-BE54-9A1E7A4F7556}") = "Sancksone.MiddlewareExtensions", "Sancksone.MiddlewareExtensions\Sancksone.MiddlewareExtensions.csproj", "{978D99AC-7563-47C2-8926-68EF7FACBF7C}"
EndProject
Project("{9A19103F-16F7-4668-BE54-9A1E7A4F7556}") = "Snacksone.Utility", "Snacksone.Utility\Snacksone.Utility.csproj", "{A69B5544-9EF2-4F2D-8902-5F55A4EFCBE4}"
EndProject
Project("{2150E333-8FDC-42A3-9474-1A3956D46DE8}") = "FluentValidation", "FluentValidation", "{3D0F809D-D223-4334-9145-1FD66EE17AC6}"
EndProject
Project("{9A19103F-16F7-4668-BE54-9A1E7A4F7556}") = "FluentValidation.Sample", "FluentValidation\FluentValidation.Sample\FluentValidation.Sample.csproj", "{D2EB145D-10C6-4491-AB71-BAF2266C8782}"
EndProject
Project("{2150E333-8FDC-42A3-9474-1A3956D46DE8}") = "test", "test", "{41AB9AC6-93A8-44AB-AE97-EE9EEB196482}"
EndProject
Project("{9A19103F-16F7-4668-BE54-9A1E7A4F7556}") = "FluentValidation.Sample.XunitTest", "FluentValidation\test\FluentValidation.Sample.XunitTest\FluentValidation.Sample.XunitTest.csproj", "{0816876C-C870-4FFD-9E15-E65B8FB30D74}"
EndProject
Project("{2150E333-8FDC-42A3-9474-1A3956D46DE8}") = "RabbitMQ", "RabbitMQ", "{DE4DBE3B-D391-404B-84A3-9A38CD98778A}"
EndProject
Project("{9A19103F-16F7-4668-BE54-9A1E7A4F7556}") = "Send", "RabbitMQ\Send\Send.csproj", "{0339BA16-4A03-4734-A074-D775EB26AA51}"
EndProject
Project("{9A19103F-16F7-4668-BE54-9A1E7A4F7556}") = "Receive", "RabbitMQ\Receive\Receive.csproj", "{7168CBAF-18D6-48F6-9F95-B421390D9A61}"
EndProject
Project("{2150E333-8FDC-42A3-9474-1A3956D46DE8}") = "EventBus", "EventBus", "{846C9835-4655-4A80-8E5D-BCB7CED45D1F}"
EndProject
Project("{2150E333-8FDC-42A3-9474-1A3956D46DE8}") = "CAP", "CAP", "{A974808E-9D7C-47A8-80A5-47FA17BAD3E3}"
EndProject
Project("{9A19103F-16F7-4668-BE54-9A1E7A4F7556}") = "Cap.WebAPI", "CAP\Cap.WebAPI\Cap.WebAPI.csproj", "{C4E25407-5053-4B91-A0AD-CD13691CCD25}"
EndProject
Project("{9A19103F-16F7-4668-BE54-9A1E7A4F7556}") = "ConsoleApp1", "test\ConsoleApp1\ConsoleApp1.csproj", "{7ABCFF0E-9A1C-492E-9B27-4259324D6EE2}"
EndProject
Project("{2150E333-8FDC-42A3-9474-1A3956D46DE8}") = "TaskRun", "TaskRun", "{F6F1BC1E-1309-4B58-B241-3EC6C7420D1C}"
EndProject
Project("{2150E333-8FDC-42A3-9474-1A3956D46DE8}") = "Expression", "Expression", "{F54B05EB-A5D6-4DA1-8A8B-F20D9EEC5E5D}"
EndProject
Project("{9A19103F-16F7-4668-BE54-9A1E7A4F7556}") = "Expression.Sample", "Expression\Expression.Sample\Expression.Sample.csproj", "{00D60892-FF38-410C-81F2-0F4DA561EAE8}"
EndProject
Project("{2150E333-8FDC-42A3-9474-1A3956D46DE8}") = "IdentityServer", "IdentityServer", "{183CB588-8382-42E8-AE14-D61E4863B70F}"
EndProject
Project("{2150E333-8FDC-42A3-9474-1A3956D46DE8}") = "Task_Await_Async", "Task_Await_Async", "{AFB95170-B7B0-4695-B8CD-90857EE1034B}"
EndProject
Project("{9A19103F-16F7-4668-BE54-9A1E7A4F7556}") = "ConsoleApp", "Task_Await_Async\ConsoleApp\ConsoleApp.csproj", "{0204B06C-5A4E-4125-BCF5-391E4BB29036}"
EndProject
Project("{9A19103F-16F7-4668-BE54-9A1E7A4F7556}") = "_1.ConsoleAppThread", "Task_Await_Async\1.ConsoleApp.Thread\_1.ConsoleAppThread.csproj", "{1251822B-334B-4628-B172-47E19CC138EE}"
EndProject
Project("{2150E333-8FDC-42A3-9474-1A3956D46DE8}") = "gRPC.Sample", "gRPC.Sample", "{33DC79BA-C013-4DBE-9267-8CE00651058C}"
EndProject
Project("{9A19103F-16F7-4668-BE54-9A1E7A4F7556}") = "GrpcGreeter", "gRPC.Sample\GrpcGreeter\GrpcGreeter.csproj", "{0D42951B-276F-48ED-8DA1-53A91A7F6873}"
EndProject
Project("{2150E333-8FDC-42A3-9474-1A3956D46DE8}") = "RedisHelper", "RedisHelper", "{E312C1AC-3D74-4B45-814F-4BF9694FBC7B}"
EndProject
Project("{FAE04EC0-301F-11D3-BF4B-00C04F79EFBC}") = "RedisHelper.Sample", "RedisHelper\RedisHelper.Sample\RedisHelper.Sample.csproj", "{E2E7983C-09D8-41E7-B204-0F529CE3001D}"
EndProject
Global
	GlobalSection(SolutionConfigurationPlatforms) = preSolution
		Debug|Any CPU = Debug|Any CPU
		Release|Any CPU = Release|Any CPU
	EndGlobalSection
	GlobalSection(ProjectConfigurationPlatforms) = postSolution
		{BF4BC0E0-99E2-4585-AB06-37EE173F4F15}.Debug|Any CPU.ActiveCfg = Debug|Any CPU
		{BF4BC0E0-99E2-4585-AB06-37EE173F4F15}.Debug|Any CPU.Build.0 = Debug|Any CPU
		{BF4BC0E0-99E2-4585-AB06-37EE173F4F15}.Release|Any CPU.ActiveCfg = Release|Any CPU
		{BF4BC0E0-99E2-4585-AB06-37EE173F4F15}.Release|Any CPU.Build.0 = Release|Any CPU
		{1C0BFD46-CB71-4951-981E-B280CDCB5558}.Debug|Any CPU.ActiveCfg = Debug|Any CPU
		{1C0BFD46-CB71-4951-981E-B280CDCB5558}.Debug|Any CPU.Build.0 = Debug|Any CPU
		{1C0BFD46-CB71-4951-981E-B280CDCB5558}.Release|Any CPU.ActiveCfg = Release|Any CPU
		{1C0BFD46-CB71-4951-981E-B280CDCB5558}.Release|Any CPU.Build.0 = Release|Any CPU
		{BD16C9CE-EDE1-4643-9B5D-CFC07F9FB194}.Debug|Any CPU.ActiveCfg = Debug|Any CPU
		{BD16C9CE-EDE1-4643-9B5D-CFC07F9FB194}.Debug|Any CPU.Build.0 = Debug|Any CPU
		{BD16C9CE-EDE1-4643-9B5D-CFC07F9FB194}.Release|Any CPU.ActiveCfg = Release|Any CPU
		{BD16C9CE-EDE1-4643-9B5D-CFC07F9FB194}.Release|Any CPU.Build.0 = Release|Any CPU
		{19084DE8-1DFF-46E2-9342-C10BF6D3C6D8}.Debug|Any CPU.ActiveCfg = Debug|Any CPU
		{19084DE8-1DFF-46E2-9342-C10BF6D3C6D8}.Debug|Any CPU.Build.0 = Debug|Any CPU
		{19084DE8-1DFF-46E2-9342-C10BF6D3C6D8}.Release|Any CPU.ActiveCfg = Release|Any CPU
		{19084DE8-1DFF-46E2-9342-C10BF6D3C6D8}.Release|Any CPU.Build.0 = Release|Any CPU
		{4623A7C8-61B3-4BBE-AE91-DFC9DA1A05CD}.Debug|Any CPU.ActiveCfg = Debug|Any CPU
		{4623A7C8-61B3-4BBE-AE91-DFC9DA1A05CD}.Debug|Any CPU.Build.0 = Debug|Any CPU
		{4623A7C8-61B3-4BBE-AE91-DFC9DA1A05CD}.Release|Any CPU.ActiveCfg = Release|Any CPU
		{4623A7C8-61B3-4BBE-AE91-DFC9DA1A05CD}.Release|Any CPU.Build.0 = Release|Any CPU
		{382A6818-1D5E-4211-B16A-060488011085}.Debug|Any CPU.ActiveCfg = Debug|Any CPU
		{382A6818-1D5E-4211-B16A-060488011085}.Debug|Any CPU.Build.0 = Debug|Any CPU
		{382A6818-1D5E-4211-B16A-060488011085}.Release|Any CPU.ActiveCfg = Release|Any CPU
		{382A6818-1D5E-4211-B16A-060488011085}.Release|Any CPU.Build.0 = Release|Any CPU
		{978D99AC-7563-47C2-8926-68EF7FACBF7C}.Debug|Any CPU.ActiveCfg = Debug|Any CPU
		{978D99AC-7563-47C2-8926-68EF7FACBF7C}.Debug|Any CPU.Build.0 = Debug|Any CPU
		{978D99AC-7563-47C2-8926-68EF7FACBF7C}.Release|Any CPU.ActiveCfg = Release|Any CPU
		{978D99AC-7563-47C2-8926-68EF7FACBF7C}.Release|Any CPU.Build.0 = Release|Any CPU
		{A69B5544-9EF2-4F2D-8902-5F55A4EFCBE4}.Debug|Any CPU.ActiveCfg = Debug|Any CPU
		{A69B5544-9EF2-4F2D-8902-5F55A4EFCBE4}.Debug|Any CPU.Build.0 = Debug|Any CPU
		{A69B5544-9EF2-4F2D-8902-5F55A4EFCBE4}.Release|Any CPU.ActiveCfg = Release|Any CPU
		{A69B5544-9EF2-4F2D-8902-5F55A4EFCBE4}.Release|Any CPU.Build.0 = Release|Any CPU
		{D2EB145D-10C6-4491-AB71-BAF2266C8782}.Debug|Any CPU.ActiveCfg = Debug|Any CPU
		{D2EB145D-10C6-4491-AB71-BAF2266C8782}.Debug|Any CPU.Build.0 = Debug|Any CPU
		{D2EB145D-10C6-4491-AB71-BAF2266C8782}.Release|Any CPU.ActiveCfg = Release|Any CPU
		{D2EB145D-10C6-4491-AB71-BAF2266C8782}.Release|Any CPU.Build.0 = Release|Any CPU
		{0816876C-C870-4FFD-9E15-E65B8FB30D74}.Debug|Any CPU.ActiveCfg = Debug|Any CPU
		{0816876C-C870-4FFD-9E15-E65B8FB30D74}.Debug|Any CPU.Build.0 = Debug|Any CPU
		{0816876C-C870-4FFD-9E15-E65B8FB30D74}.Release|Any CPU.ActiveCfg = Release|Any CPU
		{0816876C-C870-4FFD-9E15-E65B8FB30D74}.Release|Any CPU.Build.0 = Release|Any CPU
		{0339BA16-4A03-4734-A074-D775EB26AA51}.Debug|Any CPU.ActiveCfg = Debug|Any CPU
		{0339BA16-4A03-4734-A074-D775EB26AA51}.Debug|Any CPU.Build.0 = Debug|Any CPU
		{0339BA16-4A03-4734-A074-D775EB26AA51}.Release|Any CPU.ActiveCfg = Release|Any CPU
		{0339BA16-4A03-4734-A074-D775EB26AA51}.Release|Any CPU.Build.0 = Release|Any CPU
		{7168CBAF-18D6-48F6-9F95-B421390D9A61}.Debug|Any CPU.ActiveCfg = Debug|Any CPU
		{7168CBAF-18D6-48F6-9F95-B421390D9A61}.Debug|Any CPU.Build.0 = Debug|Any CPU
		{7168CBAF-18D6-48F6-9F95-B421390D9A61}.Release|Any CPU.ActiveCfg = Release|Any CPU
		{7168CBAF-18D6-48F6-9F95-B421390D9A61}.Release|Any CPU.Build.0 = Release|Any CPU
		{C4E25407-5053-4B91-A0AD-CD13691CCD25}.Debug|Any CPU.ActiveCfg = Debug|Any CPU
		{C4E25407-5053-4B91-A0AD-CD13691CCD25}.Debug|Any CPU.Build.0 = Debug|Any CPU
		{C4E25407-5053-4B91-A0AD-CD13691CCD25}.Release|Any CPU.ActiveCfg = Release|Any CPU
		{C4E25407-5053-4B91-A0AD-CD13691CCD25}.Release|Any CPU.Build.0 = Release|Any CPU
		{7ABCFF0E-9A1C-492E-9B27-4259324D6EE2}.Debug|Any CPU.ActiveCfg = Debug|Any CPU
		{7ABCFF0E-9A1C-492E-9B27-4259324D6EE2}.Debug|Any CPU.Build.0 = Debug|Any CPU
		{7ABCFF0E-9A1C-492E-9B27-4259324D6EE2}.Release|Any CPU.ActiveCfg = Release|Any CPU
		{7ABCFF0E-9A1C-492E-9B27-4259324D6EE2}.Release|Any CPU.Build.0 = Release|Any CPU
		{00D60892-FF38-410C-81F2-0F4DA561EAE8}.Debug|Any CPU.ActiveCfg = Debug|Any CPU
		{00D60892-FF38-410C-81F2-0F4DA561EAE8}.Debug|Any CPU.Build.0 = Debug|Any CPU
		{00D60892-FF38-410C-81F2-0F4DA561EAE8}.Release|Any CPU.ActiveCfg = Release|Any CPU
		{00D60892-FF38-410C-81F2-0F4DA561EAE8}.Release|Any CPU.Build.0 = Release|Any CPU
		{0204B06C-5A4E-4125-BCF5-391E4BB29036}.Debug|Any CPU.ActiveCfg = Debug|Any CPU
		{0204B06C-5A4E-4125-BCF5-391E4BB29036}.Debug|Any CPU.Build.0 = Debug|Any CPU
		{0204B06C-5A4E-4125-BCF5-391E4BB29036}.Release|Any CPU.ActiveCfg = Release|Any CPU
		{0204B06C-5A4E-4125-BCF5-391E4BB29036}.Release|Any CPU.Build.0 = Release|Any CPU
		{1251822B-334B-4628-B172-47E19CC138EE}.Debug|Any CPU.ActiveCfg = Debug|Any CPU
		{1251822B-334B-4628-B172-47E19CC138EE}.Debug|Any CPU.Build.0 = Debug|Any CPU
		{1251822B-334B-4628-B172-47E19CC138EE}.Release|Any CPU.ActiveCfg = Release|Any CPU
		{1251822B-334B-4628-B172-47E19CC138EE}.Release|Any CPU.Build.0 = Release|Any CPU
		{0D42951B-276F-48ED-8DA1-53A91A7F6873}.Debug|Any CPU.ActiveCfg = Debug|Any CPU
		{0D42951B-276F-48ED-8DA1-53A91A7F6873}.Debug|Any CPU.Build.0 = Debug|Any CPU
		{0D42951B-276F-48ED-8DA1-53A91A7F6873}.Release|Any CPU.ActiveCfg = Release|Any CPU
		{0D42951B-276F-48ED-8DA1-53A91A7F6873}.Release|Any CPU.Build.0 = Release|Any CPU
		{E2E7983C-09D8-41E7-B204-0F529CE3001D}.Debug|Any CPU.ActiveCfg = Debug|Any CPU
		{E2E7983C-09D8-41E7-B204-0F529CE3001D}.Debug|Any CPU.Build.0 = Debug|Any CPU
		{E2E7983C-09D8-41E7-B204-0F529CE3001D}.Release|Any CPU.ActiveCfg = Release|Any CPU
		{E2E7983C-09D8-41E7-B204-0F529CE3001D}.Release|Any CPU.Build.0 = Release|Any CPU
	EndGlobalSection
	GlobalSection(SolutionProperties) = preSolution
		HideSolutionNode = FALSE
	EndGlobalSection
	GlobalSection(NestedProjects) = preSolution
		{19084DE8-1DFF-46E2-9342-C10BF6D3C6D8} = {B1AEA81B-1EA1-4038-AFE8-FD457AF01E3F}
		{4623A7C8-61B3-4BBE-AE91-DFC9DA1A05CD} = {F529E152-B129-4AB5-A176-9D1F10D0150D}
		{382A6818-1D5E-4211-B16A-060488011085} = {F529E152-B129-4AB5-A176-9D1F10D0150D}
		{978D99AC-7563-47C2-8926-68EF7FACBF7C} = {7B980A40-841F-475D-99B8-8EC7C0D735A5}
		{A69B5544-9EF2-4F2D-8902-5F55A4EFCBE4} = {7B980A40-841F-475D-99B8-8EC7C0D735A5}
		{D2EB145D-10C6-4491-AB71-BAF2266C8782} = {3D0F809D-D223-4334-9145-1FD66EE17AC6}
		{41AB9AC6-93A8-44AB-AE97-EE9EEB196482} = {3D0F809D-D223-4334-9145-1FD66EE17AC6}
		{0816876C-C870-4FFD-9E15-E65B8FB30D74} = {41AB9AC6-93A8-44AB-AE97-EE9EEB196482}
		{0339BA16-4A03-4734-A074-D775EB26AA51} = {DE4DBE3B-D391-404B-84A3-9A38CD98778A}
		{7168CBAF-18D6-48F6-9F95-B421390D9A61} = {DE4DBE3B-D391-404B-84A3-9A38CD98778A}
		{C4E25407-5053-4B91-A0AD-CD13691CCD25} = {A974808E-9D7C-47A8-80A5-47FA17BAD3E3}
		{7ABCFF0E-9A1C-492E-9B27-4259324D6EE2} = {B1AEA81B-1EA1-4038-AFE8-FD457AF01E3F}
		{00D60892-FF38-410C-81F2-0F4DA561EAE8} = {F54B05EB-A5D6-4DA1-8A8B-F20D9EEC5E5D}
		{0204B06C-5A4E-4125-BCF5-391E4BB29036} = {AFB95170-B7B0-4695-B8CD-90857EE1034B}
		{1251822B-334B-4628-B172-47E19CC138EE} = {AFB95170-B7B0-4695-B8CD-90857EE1034B}
		{0D42951B-276F-48ED-8DA1-53A91A7F6873} = {33DC79BA-C013-4DBE-9267-8CE00651058C}
		{E2E7983C-09D8-41E7-B204-0F529CE3001D} = {E312C1AC-3D74-4B45-814F-4BF9694FBC7B}
	EndGlobalSection
	GlobalSection(ExtensibilityGlobals) = postSolution
		SolutionGuid = {336C3813-A483-475F-A052-B6EE7B556D38}
	EndGlobalSection
EndGlobal
