
Microsoft Visual Studio Solution File, Format Version 12.00
# Visual Studio Version 16
VisualStudioVersion = 16.0.30611.23
MinimumVisualStudioVersion = 10.0.40219.1
Project("{2150E333-8FDC-42A3-9474-1A3956D46DE8}") = "test", "test", "{B1AEA81B-1EA1-4038-AFE8-FD457AF01E3F}"
EndProject
Project("{9A19103F-16F7-4668-BE54-9A1E7A4F7556}") = "Unit.Sample.XUnitTestProject", "test\Unit.Sample.XUnitTestProject\Unit.Sample.XUnitTestProject.csproj", "{19084DE8-1DFF-46E2-9342-C10BF6D3C6D8}"
EndProject
Project("{2150E333-8FDC-42A3-9474-1A3956D46DE8}") = "Zipkin.Sample", "Zipkin.Sample", "{F529E152-B129-4AB5-A176-9D1F10D0150D}"
EndProject
Project("{9A19103F-16F7-4668-BE54-9A1E7A4F7556}") = "UserService", "Zipkin.Sample\UserService\UserService.csproj", "{4623A7C8-61B3-4BBE-AE91-DFC9DA1A05CD}"
EndProject
Project("{9A19103F-16F7-4668-BE54-9A1E7A4F7556}") = "ProductService", "Zipkin.Sample\ProductService\ProductService.csproj", "{382A6818-1D5E-4211-B16A-060488011085}"
EndProject
Project("{2150E333-8FDC-42A3-9474-1A3956D46DE8}") = "Snacksone.SDK", "Snacksone.SDK", "{7B980A40-841F-475D-99B8-8EC7C0D735A5}"
EndProject
Project("{9A19103F-16F7-4668-BE54-9A1E7A4F7556}") = "Sancksone.MiddlewareExtensions", "Sancksone.MiddlewareExtensions\Sancksone.MiddlewareExtensions.csproj", "{978D99AC-7563-47C2-8926-68EF7FACBF7C}"
EndProject
Project("{9A19103F-16F7-4668-BE54-9A1E7A4F7556}") = "Snacksone.Utility", "Snacksone.Utility\Snacksone.Utility.csproj", "{A69B5544-9EF2-4F2D-8902-5F55A4EFCBE4}"
EndProject
Project("{2150E333-8FDC-42A3-9474-1A3956D46DE8}") = "FluentValidation", "FluentValidation", "{3D0F809D-D223-4334-9145-1FD66EE17AC6}"
EndProject
Project("{9A19103F-16F7-4668-BE54-9A1E7A4F7556}") = "FluentValidation.Sample", "FluentValidation\FluentValidation.Sample\FluentValidation.Sample.csproj", "{D2EB145D-10C6-4491-AB71-BAF2266C8782}"
EndProject
Project("{2150E333-8FDC-42A3-9474-1A3956D46DE8}") = "test", "test", "{41AB9AC6-93A8-44AB-AE97-EE9EEB196482}"
EndProject
Project("{9A19103F-16F7-4668-BE54-9A1E7A4F7556}") = "FluentValidation.Sample.XunitTest", "FluentValidation\test\FluentValidation.Sample.XunitTest\FluentValidation.Sample.XunitTest.csproj", "{0816876C-C870-4FFD-9E15-E65B8FB30D74}"
EndProject
Project("{2150E333-8FDC-42A3-9474-1A3956D46DE8}") = "RabbitMQ", "RabbitMQ", "{DE4DBE3B-D391-404B-84A3-9A38CD98778A}"
	ProjectSection(SolutionItems) = preProject
		readme.md = readme.md
	EndProjectSection
EndProject
Project("{2150E333-8FDC-42A3-9474-1A3956D46DE8}") = "CAP", "CAP", "{A974808E-9D7C-47A8-80A5-47FA17BAD3E3}"
EndProject
Project("{9A19103F-16F7-4668-BE54-9A1E7A4F7556}") = "Cap.WebAPI", "CAP\Cap.WebAPI\Cap.WebAPI.csproj", "{C4E25407-5053-4B91-A0AD-CD13691CCD25}"
EndProject
Project("{9A19103F-16F7-4668-BE54-9A1E7A4F7556}") = "ConsoleApp1", "test\ConsoleApp1\ConsoleApp1.csproj", "{7ABCFF0E-9A1C-492E-9B27-4259324D6EE2}"
EndProject
Project("{2150E333-8FDC-42A3-9474-1A3956D46DE8}") = "TaskRun", "TaskRun", "{F6F1BC1E-1309-4B58-B241-3EC6C7420D1C}"
EndProject
Project("{2150E333-8FDC-42A3-9474-1A3956D46DE8}") = "Expression", "Expression", "{F54B05EB-A5D6-4DA1-8A8B-F20D9EEC5E5D}"
EndProject
Project("{9A19103F-16F7-4668-BE54-9A1E7A4F7556}") = "Expression.Sample", "Expression\Expression.Sample\Expression.Sample.csproj", "{00D60892-FF38-410C-81F2-0F4DA561EAE8}"
EndProject
Project("{2150E333-8FDC-42A3-9474-1A3956D46DE8}") = "Task_Await_Async", "Task_Await_Async", "{AFB95170-B7B0-4695-B8CD-90857EE1034B}"
EndProject
Project("{9A19103F-16F7-4668-BE54-9A1E7A4F7556}") = "ConsoleApp", "Task_Await_Async\ConsoleApp\ConsoleApp.csproj", "{0204B06C-5A4E-4125-BCF5-391E4BB29036}"
EndProject
Project("{9A19103F-16F7-4668-BE54-9A1E7A4F7556}") = "_1.ConsoleAppThread", "Task_Await_Async\1.ConsoleApp.Thread\_1.ConsoleAppThread.csproj", "{1251822B-334B-4628-B172-47E19CC138EE}"
EndProject
Project("{2150E333-8FDC-42A3-9474-1A3956D46DE8}") = "gRPC.Sample", "gRPC.Sample", "{33DC79BA-C013-4DBE-9267-8CE00651058C}"
EndProject
Project("{2150E333-8FDC-42A3-9474-1A3956D46DE8}") = "RedisHelper", "RedisHelper", "{E312C1AC-3D74-4B45-814F-4BF9694FBC7B}"
EndProject
Project("{9A19103F-16F7-4668-BE54-9A1E7A4F7556}") = "RedisHelper.Sample", "RedisHelper\RedisHelper.Sample\RedisHelper.Sample.csproj", "{E2E7983C-09D8-41E7-B204-0F529CE3001D}"
EndProject
Project("{2150E333-8FDC-42A3-9474-1A3956D46DE8}") = "test", "test", "{9977EBCB-6EA7-4367-9977-E2BFEB04E24E}"
EndProject
Project("{2150E333-8FDC-42A3-9474-1A3956D46DE8}") = "src", "src", "{1DBCB012-A731-4493-9CBC-073A3B572852}"
EndProject
Project("{9A19103F-16F7-4668-BE54-9A1E7A4F7556}") = "RedisHelper.XUnitTestProject1", "RedisHelper\test\RedisHelper.XUnitTestProject1\RedisHelper.XUnitTestProject1.csproj", "{335DA5A0-8860-461A-AFB7-C8C5E22CEE5C}"
EndProject
Project("{9A19103F-16F7-4668-BE54-9A1E7A4F7556}") = "反射获取泛型属性值", "ConsoleApp2\反射获取泛型属性值.csproj", "{4B3AC232-5AF8-461A-B79C-ECB639F6DBF9}"
EndProject
Project("{2150E333-8FDC-42A3-9474-1A3956D46DE8}") = "Event_Delegate", "Event_Delegate", "{F9180E8F-72F2-4C57-AF8F-21497C6A3B80}"
	ProjectSection(SolutionItems) = preProject
		readmd.md = readmd.md
	EndProjectSection
EndProject
Project("{9A19103F-16F7-4668-BE54-9A1E7A4F7556}") = "Console.Delegate.Sample", "Event_Delegate\Console.Delegate.Sample\Console.Delegate.Sample.csproj", "{510259B0-2E4D-4EDB-B30A-83966EF26B65}"
EndProject
Project("{9A19103F-16F7-4668-BE54-9A1E7A4F7556}") = "Console.Delegate.Sample2", "Event_Delegate\Console.Delegate.Sample2\Console.Delegate.Sample2.csproj", "{AC5AEE8D-9DD6-469E-86E2-095B3FB1804A}"
EndProject
Project("{9A19103F-16F7-4668-BE54-9A1E7A4F7556}") = "Console.Delegate.Sample3", "Event_Delegate\Console.Delegate.Sample3\Console.Delegate.Sample3.csproj", "{6D13878F-D661-4895-A3B1-D46B0CFC7344}"
EndProject
Project("{9A19103F-16F7-4668-BE54-9A1E7A4F7556}") = "Console.Event.Sample", "Event_Delegate\Console.Event.Sample\Console.Event.Sample.csproj", "{901ED90C-BE19-4874-AF6E-C02F58A4EBCE}"
EndProject
Project("{9A19103F-16F7-4668-BE54-9A1E7A4F7556}") = "Console.Event.Sample2", "Event_Delegate\Console.Event.Sample2\Console.Event.Sample2.csproj", "{D9E56FA5-2F6A-4019-9663-868CB464B810}"
EndProject
Project("{9A19103F-16F7-4668-BE54-9A1E7A4F7556}") = "Console.Delegate.Sample2.1", "Event_Delegate\Console.Delegate.Sample2.1\Console.Delegate.Sample2.1.csproj", "{0498C457-6543-4F85-84DB-471CA52C87B8}"
EndProject
Project("{9A19103F-16F7-4668-BE54-9A1E7A4F7556}") = "Console.Delegate.Sample2.2", "Event_Delegate\Console.Delegate.Sample2.2\Console.Delegate.Sample2.2.csproj", "{7FE83484-BA8D-425F-A419-9CF974C6D510}"
EndProject
Project("{9A19103F-16F7-4668-BE54-9A1E7A4F7556}") = "Console.Delegate.Sample2.3_Event", "Event_Delegate\Console.Delegate.Sample2.3_Event\Console.Delegate.Sample2.3_Event.csproj", "{9D3E8FAA-E40D-4B73-8F0D-ACA88159498A}"
EndProject
Project("{9A19103F-16F7-4668-BE54-9A1E7A4F7556}") = "Console.Event.Sample3", "Event_Delegate\Console.Event.Sample3\Console.Event.Sample3.csproj", "{9DE390FD-D021-4D05-86EC-C6778205528B}"
EndProject
Project("{9A19103F-16F7-4668-BE54-9A1E7A4F7556}") = "Console.Observer", "Event_Delegate\Console.Observer\Console.Observer.csproj", "{07631541-C731-4381-ADBD-55FE38FD47C0}"
EndProject
Project("{9A19103F-16F7-4668-BE54-9A1E7A4F7556}") = "Console.Observer1.WhyReturnVoid", "Event_Delegate\Console.Observer1.WhyReturnVoid\Console.Observer1.WhyReturnVoid.csproj", "{670D2096-010B-4287-BDFE-E2E321C67E4D}"
EndProject
Project("{9A19103F-16F7-4668-BE54-9A1E7A4F7556}") = "Console.Observer2.ReturnMulti", "Event_Delegate\Console.Observer2.ReturnMulti\Console.Observer2.ReturnMulti.csproj", "{BE05A1A1-B6AA-4552-8BD3-A25823B5FD2E}"
EndProject
Project("{9A19103F-16F7-4668-BE54-9A1E7A4F7556}") = "Console.Observer3.BeginInvoke", "Event_Delegate\Console.Observer3.BeginInvoke\Console.Observer3.BeginInvoke.csproj", "{BE53170A-573A-46F6-B549-C96A7C0F546E}"
EndProject
Project("{9A19103F-16F7-4668-BE54-9A1E7A4F7556}") = "Console.Observer3.BeginInvoke2", "Event_Delegate\Console.Observer3.BeginInvoke2\Console.Observer3.BeginInvoke2.csproj", "{E86087D1-4404-4C77-B3F5-E312DEB7C9EA}"
EndProject
Project("{2150E333-8FDC-42A3-9474-1A3956D46DE8}") = "Thread_Async", "Thread_Async", "{9955953E-DDE0-49D6-9217-1AF6927CE36A}"
	ProjectSection(SolutionItems) = preProject
		Thread_Async\readme.md = Thread_Async\readme.md
	EndProjectSection
EndProject
Project("{FAE04EC0-301F-11D3-BF4B-00C04F79EFBC}") = "ConsoleApp.Net.Sample", "Thread_Async\ConsoleApp.Net.Sample\ConsoleApp.Net.Sample.csproj", "{588CC2F4-5423-49F2-9CDF-D63829DBA951}"
EndProject
Project("{2150E333-8FDC-42A3-9474-1A3956D46DE8}") = "Routing", "Routing", "{01DE320F-5B17-4E11-BEE8-B519A50B2827}"
EndProject
Project("{2150E333-8FDC-42A3-9474-1A3956D46DE8}") = "Mongo", "Mongo", "{157AC384-CC23-4DC0-83D5-FC73F38DADEE}"
EndProject
Project("{FAE04EC0-301F-11D3-BF4B-00C04F79EFBC}") = "Mongo.MongoRepository", "Mongo\Mongo.MongoRepository\Mongo.MongoRepository.csproj", "{0A154D1A-CE6E-4391-9CA9-D41CC90CDD3C}"
EndProject
Project("{2150E333-8FDC-42A3-9474-1A3956D46DE8}") = "01.HelloWorld", "01.HelloWorld", "{8A030C13-1650-4253-879F-EEEB21995E44}"
EndProject
Project("{9A19103F-16F7-4668-BE54-9A1E7A4F7556}") = "Send", "RabbitMQ\01.HelloWorld\Send\Send.csproj", "{923C7A0A-59AC-47EE-AE01-F7009F8C5030}"
EndProject
Project("{9A19103F-16F7-4668-BE54-9A1E7A4F7556}") = "Receive", "RabbitMQ\01.HelloWorld\Receive\Receive.csproj", "{8C875C0D-79D0-4593-886F-947F5FFF1328}"
EndProject
Project("{9A19103F-16F7-4668-BE54-9A1E7A4F7556}") = "01.UserService.Grpc", "gRPC.Sample\01.UserService.Grpc\01.UserService.Grpc.csproj", "{529A3197-67EE-4592-AA8A-E09350033724}"
EndProject
Project("{9A19103F-16F7-4668-BE54-9A1E7A4F7556}") = "01.ProductService.Grpc", "gRPC.Sample\01.ProductService.Grpc\01.ProductService.Grpc.csproj", "{03B1015B-3FF1-4AC7-9591-30BF4F8F6C57}"
EndProject
Project("{9A19103F-16F7-4668-BE54-9A1E7A4F7556}") = "01.Shared.Grpc", "gRPC.Sample\01.Shared.Grpc\01.Shared.Grpc.csproj", "{3AAF8098-C464-494A-8143-A38CEE68730C}"
EndProject
Project("{FAE04EC0-301F-11D3-BF4B-00C04F79EFBC}") = "RedisTestDto", "RedisHelper\test\RedisTestDto\RedisTestDto.csproj", "{5C1D1177-35C0-4FD2-9FBB-7F29615C51A9}"
EndProject
Global
	GlobalSection(SolutionConfigurationPlatforms) = preSolution
		Debug|Any CPU = Debug|Any CPU
		Release|Any CPU = Release|Any CPU
	EndGlobalSection
	GlobalSection(ProjectConfigurationPlatforms) = postSolution
		{19084DE8-1DFF-46E2-9342-C10BF6D3C6D8}.Debug|Any CPU.ActiveCfg = Debug|Any CPU
		{19084DE8-1DFF-46E2-9342-C10BF6D3C6D8}.Debug|Any CPU.Build.0 = Debug|Any CPU
		{19084DE8-1DFF-46E2-9342-C10BF6D3C6D8}.Release|Any CPU.ActiveCfg = Release|Any CPU
		{19084DE8-1DFF-46E2-9342-C10BF6D3C6D8}.Release|Any CPU.Build.0 = Release|Any CPU
		{4623A7C8-61B3-4BBE-AE91-DFC9DA1A05CD}.Debug|Any CPU.ActiveCfg = Debug|Any CPU
		{4623A7C8-61B3-4BBE-AE91-DFC9DA1A05CD}.Debug|Any CPU.Build.0 = Debug|Any CPU
		{4623A7C8-61B3-4BBE-AE91-DFC9DA1A05CD}.Release|Any CPU.ActiveCfg = Release|Any CPU
		{4623A7C8-61B3-4BBE-AE91-DFC9DA1A05CD}.Release|Any CPU.Build.0 = Release|Any CPU
		{382A6818-1D5E-4211-B16A-060488011085}.Debug|Any CPU.ActiveCfg = Debug|Any CPU
		{382A6818-1D5E-4211-B16A-060488011085}.Debug|Any CPU.Build.0 = Debug|Any CPU
		{382A6818-1D5E-4211-B16A-060488011085}.Release|Any CPU.ActiveCfg = Release|Any CPU
		{382A6818-1D5E-4211-B16A-060488011085}.Release|Any CPU.Build.0 = Release|Any CPU
		{978D99AC-7563-47C2-8926-68EF7FACBF7C}.Debug|Any CPU.ActiveCfg = Debug|Any CPU
		{978D99AC-7563-47C2-8926-68EF7FACBF7C}.Debug|Any CPU.Build.0 = Debug|Any CPU
		{978D99AC-7563-47C2-8926-68EF7FACBF7C}.Release|Any CPU.ActiveCfg = Release|Any CPU
		{978D99AC-7563-47C2-8926-68EF7FACBF7C}.Release|Any CPU.Build.0 = Release|Any CPU
		{A69B5544-9EF2-4F2D-8902-5F55A4EFCBE4}.Debug|Any CPU.ActiveCfg = Debug|Any CPU
		{A69B5544-9EF2-4F2D-8902-5F55A4EFCBE4}.Debug|Any CPU.Build.0 = Debug|Any CPU
		{A69B5544-9EF2-4F2D-8902-5F55A4EFCBE4}.Release|Any CPU.ActiveCfg = Release|Any CPU
		{A69B5544-9EF2-4F2D-8902-5F55A4EFCBE4}.Release|Any CPU.Build.0 = Release|Any CPU
		{D2EB145D-10C6-4491-AB71-BAF2266C8782}.Debug|Any CPU.ActiveCfg = Debug|Any CPU
		{D2EB145D-10C6-4491-AB71-BAF2266C8782}.Debug|Any CPU.Build.0 = Debug|Any CPU
		{D2EB145D-10C6-4491-AB71-BAF2266C8782}.Release|Any CPU.ActiveCfg = Release|Any CPU
		{D2EB145D-10C6-4491-AB71-BAF2266C8782}.Release|Any CPU.Build.0 = Release|Any CPU
		{0816876C-C870-4FFD-9E15-E65B8FB30D74}.Debug|Any CPU.ActiveCfg = Debug|Any CPU
		{0816876C-C870-4FFD-9E15-E65B8FB30D74}.Debug|Any CPU.Build.0 = Debug|Any CPU
		{0816876C-C870-4FFD-9E15-E65B8FB30D74}.Release|Any CPU.ActiveCfg = Release|Any CPU
		{0816876C-C870-4FFD-9E15-E65B8FB30D74}.Release|Any CPU.Build.0 = Release|Any CPU
		{C4E25407-5053-4B91-A0AD-CD13691CCD25}.Debug|Any CPU.ActiveCfg = Debug|Any CPU
		{C4E25407-5053-4B91-A0AD-CD13691CCD25}.Debug|Any CPU.Build.0 = Debug|Any CPU
		{C4E25407-5053-4B91-A0AD-CD13691CCD25}.Release|Any CPU.ActiveCfg = Release|Any CPU
		{C4E25407-5053-4B91-A0AD-CD13691CCD25}.Release|Any CPU.Build.0 = Release|Any CPU
		{7ABCFF0E-9A1C-492E-9B27-4259324D6EE2}.Debug|Any CPU.ActiveCfg = Debug|Any CPU
		{7ABCFF0E-9A1C-492E-9B27-4259324D6EE2}.Debug|Any CPU.Build.0 = Debug|Any CPU
		{7ABCFF0E-9A1C-492E-9B27-4259324D6EE2}.Release|Any CPU.ActiveCfg = Release|Any CPU
		{7ABCFF0E-9A1C-492E-9B27-4259324D6EE2}.Release|Any CPU.Build.0 = Release|Any CPU
		{00D60892-FF38-410C-81F2-0F4DA561EAE8}.Debug|Any CPU.ActiveCfg = Debug|Any CPU
		{00D60892-FF38-410C-81F2-0F4DA561EAE8}.Debug|Any CPU.Build.0 = Debug|Any CPU
		{00D60892-FF38-410C-81F2-0F4DA561EAE8}.Release|Any CPU.ActiveCfg = Release|Any CPU
		{00D60892-FF38-410C-81F2-0F4DA561EAE8}.Release|Any CPU.Build.0 = Release|Any CPU
		{0204B06C-5A4E-4125-BCF5-391E4BB29036}.Debug|Any CPU.ActiveCfg = Debug|Any CPU
		{0204B06C-5A4E-4125-BCF5-391E4BB29036}.Debug|Any CPU.Build.0 = Debug|Any CPU
		{0204B06C-5A4E-4125-BCF5-391E4BB29036}.Release|Any CPU.ActiveCfg = Release|Any CPU
		{0204B06C-5A4E-4125-BCF5-391E4BB29036}.Release|Any CPU.Build.0 = Release|Any CPU
		{1251822B-334B-4628-B172-47E19CC138EE}.Debug|Any CPU.ActiveCfg = Debug|Any CPU
		{1251822B-334B-4628-B172-47E19CC138EE}.Debug|Any CPU.Build.0 = Debug|Any CPU
		{1251822B-334B-4628-B172-47E19CC138EE}.Release|Any CPU.ActiveCfg = Release|Any CPU
		{1251822B-334B-4628-B172-47E19CC138EE}.Release|Any CPU.Build.0 = Release|Any CPU
		{E2E7983C-09D8-41E7-B204-0F529CE3001D}.Debug|Any CPU.ActiveCfg = Debug|Any CPU
		{E2E7983C-09D8-41E7-B204-0F529CE3001D}.Debug|Any CPU.Build.0 = Debug|Any CPU
		{E2E7983C-09D8-41E7-B204-0F529CE3001D}.Release|Any CPU.ActiveCfg = Release|Any CPU
		{E2E7983C-09D8-41E7-B204-0F529CE3001D}.Release|Any CPU.Build.0 = Release|Any CPU
		{335DA5A0-8860-461A-AFB7-C8C5E22CEE5C}.Debug|Any CPU.ActiveCfg = Debug|Any CPU
		{335DA5A0-8860-461A-AFB7-C8C5E22CEE5C}.Debug|Any CPU.Build.0 = Debug|Any CPU
		{335DA5A0-8860-461A-AFB7-C8C5E22CEE5C}.Release|Any CPU.ActiveCfg = Release|Any CPU
		{335DA5A0-8860-461A-AFB7-C8C5E22CEE5C}.Release|Any CPU.Build.0 = Release|Any CPU
		{4B3AC232-5AF8-461A-B79C-ECB639F6DBF9}.Debug|Any CPU.ActiveCfg = Debug|Any CPU
		{4B3AC232-5AF8-461A-B79C-ECB639F6DBF9}.Debug|Any CPU.Build.0 = Debug|Any CPU
		{4B3AC232-5AF8-461A-B79C-ECB639F6DBF9}.Release|Any CPU.ActiveCfg = Release|Any CPU
		{4B3AC232-5AF8-461A-B79C-ECB639F6DBF9}.Release|Any CPU.Build.0 = Release|Any CPU
		{510259B0-2E4D-4EDB-B30A-83966EF26B65}.Debug|Any CPU.ActiveCfg = Debug|Any CPU
		{510259B0-2E4D-4EDB-B30A-83966EF26B65}.Debug|Any CPU.Build.0 = Debug|Any CPU
		{510259B0-2E4D-4EDB-B30A-83966EF26B65}.Release|Any CPU.ActiveCfg = Release|Any CPU
		{510259B0-2E4D-4EDB-B30A-83966EF26B65}.Release|Any CPU.Build.0 = Release|Any CPU
		{AC5AEE8D-9DD6-469E-86E2-095B3FB1804A}.Debug|Any CPU.ActiveCfg = Debug|Any CPU
		{AC5AEE8D-9DD6-469E-86E2-095B3FB1804A}.Debug|Any CPU.Build.0 = Debug|Any CPU
		{AC5AEE8D-9DD6-469E-86E2-095B3FB1804A}.Release|Any CPU.ActiveCfg = Release|Any CPU
		{AC5AEE8D-9DD6-469E-86E2-095B3FB1804A}.Release|Any CPU.Build.0 = Release|Any CPU
		{6D13878F-D661-4895-A3B1-D46B0CFC7344}.Debug|Any CPU.ActiveCfg = Debug|Any CPU
		{6D13878F-D661-4895-A3B1-D46B0CFC7344}.Debug|Any CPU.Build.0 = Debug|Any CPU
		{6D13878F-D661-4895-A3B1-D46B0CFC7344}.Release|Any CPU.ActiveCfg = Release|Any CPU
		{6D13878F-D661-4895-A3B1-D46B0CFC7344}.Release|Any CPU.Build.0 = Release|Any CPU
		{901ED90C-BE19-4874-AF6E-C02F58A4EBCE}.Debug|Any CPU.ActiveCfg = Debug|Any CPU
		{901ED90C-BE19-4874-AF6E-C02F58A4EBCE}.Debug|Any CPU.Build.0 = Debug|Any CPU
		{901ED90C-BE19-4874-AF6E-C02F58A4EBCE}.Release|Any CPU.ActiveCfg = Release|Any CPU
		{901ED90C-BE19-4874-AF6E-C02F58A4EBCE}.Release|Any CPU.Build.0 = Release|Any CPU
		{D9E56FA5-2F6A-4019-9663-868CB464B810}.Debug|Any CPU.ActiveCfg = Debug|Any CPU
		{D9E56FA5-2F6A-4019-9663-868CB464B810}.Debug|Any CPU.Build.0 = Debug|Any CPU
		{D9E56FA5-2F6A-4019-9663-868CB464B810}.Release|Any CPU.ActiveCfg = Release|Any CPU
		{D9E56FA5-2F6A-4019-9663-868CB464B810}.Release|Any CPU.Build.0 = Release|Any CPU
		{0498C457-6543-4F85-84DB-471CA52C87B8}.Debug|Any CPU.ActiveCfg = Debug|Any CPU
		{0498C457-6543-4F85-84DB-471CA52C87B8}.Debug|Any CPU.Build.0 = Debug|Any CPU
		{0498C457-6543-4F85-84DB-471CA52C87B8}.Release|Any CPU.ActiveCfg = Release|Any CPU
		{0498C457-6543-4F85-84DB-471CA52C87B8}.Release|Any CPU.Build.0 = Release|Any CPU
		{7FE83484-BA8D-425F-A419-9CF974C6D510}.Debug|Any CPU.ActiveCfg = Debug|Any CPU
		{7FE83484-BA8D-425F-A419-9CF974C6D510}.Debug|Any CPU.Build.0 = Debug|Any CPU
		{7FE83484-BA8D-425F-A419-9CF974C6D510}.Release|Any CPU.ActiveCfg = Release|Any CPU
		{7FE83484-BA8D-425F-A419-9CF974C6D510}.Release|Any CPU.Build.0 = Release|Any CPU
		{9D3E8FAA-E40D-4B73-8F0D-ACA88159498A}.Debug|Any CPU.ActiveCfg = Debug|Any CPU
		{9D3E8FAA-E40D-4B73-8F0D-ACA88159498A}.Debug|Any CPU.Build.0 = Debug|Any CPU
		{9D3E8FAA-E40D-4B73-8F0D-ACA88159498A}.Release|Any CPU.ActiveCfg = Release|Any CPU
		{9D3E8FAA-E40D-4B73-8F0D-ACA88159498A}.Release|Any CPU.Build.0 = Release|Any CPU
		{9DE390FD-D021-4D05-86EC-C6778205528B}.Debug|Any CPU.ActiveCfg = Debug|Any CPU
		{9DE390FD-D021-4D05-86EC-C6778205528B}.Debug|Any CPU.Build.0 = Debug|Any CPU
		{9DE390FD-D021-4D05-86EC-C6778205528B}.Release|Any CPU.ActiveCfg = Release|Any CPU
		{9DE390FD-D021-4D05-86EC-C6778205528B}.Release|Any CPU.Build.0 = Release|Any CPU
		{07631541-C731-4381-ADBD-55FE38FD47C0}.Debug|Any CPU.ActiveCfg = Debug|Any CPU
		{07631541-C731-4381-ADBD-55FE38FD47C0}.Debug|Any CPU.Build.0 = Debug|Any CPU
		{07631541-C731-4381-ADBD-55FE38FD47C0}.Release|Any CPU.ActiveCfg = Release|Any CPU
		{07631541-C731-4381-ADBD-55FE38FD47C0}.Release|Any CPU.Build.0 = Release|Any CPU
		{670D2096-010B-4287-BDFE-E2E321C67E4D}.Debug|Any CPU.ActiveCfg = Debug|Any CPU
		{670D2096-010B-4287-BDFE-E2E321C67E4D}.Debug|Any CPU.Build.0 = Debug|Any CPU
		{670D2096-010B-4287-BDFE-E2E321C67E4D}.Release|Any CPU.ActiveCfg = Release|Any CPU
		{670D2096-010B-4287-BDFE-E2E321C67E4D}.Release|Any CPU.Build.0 = Release|Any CPU
		{BE05A1A1-B6AA-4552-8BD3-A25823B5FD2E}.Debug|Any CPU.ActiveCfg = Debug|Any CPU
		{BE05A1A1-B6AA-4552-8BD3-A25823B5FD2E}.Debug|Any CPU.Build.0 = Debug|Any CPU
		{BE05A1A1-B6AA-4552-8BD3-A25823B5FD2E}.Release|Any CPU.ActiveCfg = Release|Any CPU
		{BE05A1A1-B6AA-4552-8BD3-A25823B5FD2E}.Release|Any CPU.Build.0 = Release|Any CPU
		{BE53170A-573A-46F6-B549-C96A7C0F546E}.Debug|Any CPU.ActiveCfg = Debug|Any CPU
		{BE53170A-573A-46F6-B549-C96A7C0F546E}.Debug|Any CPU.Build.0 = Debug|Any CPU
		{BE53170A-573A-46F6-B549-C96A7C0F546E}.Release|Any CPU.ActiveCfg = Release|Any CPU
		{BE53170A-573A-46F6-B549-C96A7C0F546E}.Release|Any CPU.Build.0 = Release|Any CPU
		{E86087D1-4404-4C77-B3F5-E312DEB7C9EA}.Debug|Any CPU.ActiveCfg = Debug|Any CPU
		{E86087D1-4404-4C77-B3F5-E312DEB7C9EA}.Debug|Any CPU.Build.0 = Debug|Any CPU
		{E86087D1-4404-4C77-B3F5-E312DEB7C9EA}.Release|Any CPU.ActiveCfg = Release|Any CPU
		{E86087D1-4404-4C77-B3F5-E312DEB7C9EA}.Release|Any CPU.Build.0 = Release|Any CPU
		{588CC2F4-5423-49F2-9CDF-D63829DBA951}.Debug|Any CPU.ActiveCfg = Debug|Any CPU
		{588CC2F4-5423-49F2-9CDF-D63829DBA951}.Debug|Any CPU.Build.0 = Debug|Any CPU
		{588CC2F4-5423-49F2-9CDF-D63829DBA951}.Release|Any CPU.ActiveCfg = Release|Any CPU
		{588CC2F4-5423-49F2-9CDF-D63829DBA951}.Release|Any CPU.Build.0 = Release|Any CPU
		{0A154D1A-CE6E-4391-9CA9-D41CC90CDD3C}.Debug|Any CPU.ActiveCfg = Debug|Any CPU
		{0A154D1A-CE6E-4391-9CA9-D41CC90CDD3C}.Debug|Any CPU.Build.0 = Debug|Any CPU
		{0A154D1A-CE6E-4391-9CA9-D41CC90CDD3C}.Release|Any CPU.ActiveCfg = Release|Any CPU
		{0A154D1A-CE6E-4391-9CA9-D41CC90CDD3C}.Release|Any CPU.Build.0 = Release|Any CPU
		{923C7A0A-59AC-47EE-AE01-F7009F8C5030}.Debug|Any CPU.ActiveCfg = Debug|Any CPU
		{923C7A0A-59AC-47EE-AE01-F7009F8C5030}.Debug|Any CPU.Build.0 = Debug|Any CPU
		{923C7A0A-59AC-47EE-AE01-F7009F8C5030}.Release|Any CPU.ActiveCfg = Release|Any CPU
		{923C7A0A-59AC-47EE-AE01-F7009F8C5030}.Release|Any CPU.Build.0 = Release|Any CPU
		{8C875C0D-79D0-4593-886F-947F5FFF1328}.Debug|Any CPU.ActiveCfg = Debug|Any CPU
		{8C875C0D-79D0-4593-886F-947F5FFF1328}.Debug|Any CPU.Build.0 = Debug|Any CPU
		{8C875C0D-79D0-4593-886F-947F5FFF1328}.Release|Any CPU.ActiveCfg = Release|Any CPU
		{8C875C0D-79D0-4593-886F-947F5FFF1328}.Release|Any CPU.Build.0 = Release|Any CPU
		{529A3197-67EE-4592-AA8A-E09350033724}.Debug|Any CPU.ActiveCfg = Debug|Any CPU
		{529A3197-67EE-4592-AA8A-E09350033724}.Debug|Any CPU.Build.0 = Debug|Any CPU
		{529A3197-67EE-4592-AA8A-E09350033724}.Release|Any CPU.ActiveCfg = Release|Any CPU
		{529A3197-67EE-4592-AA8A-E09350033724}.Release|Any CPU.Build.0 = Release|Any CPU
		{03B1015B-3FF1-4AC7-9591-30BF4F8F6C57}.Debug|Any CPU.ActiveCfg = Debug|Any CPU
		{03B1015B-3FF1-4AC7-9591-30BF4F8F6C57}.Debug|Any CPU.Build.0 = Debug|Any CPU
		{03B1015B-3FF1-4AC7-9591-30BF4F8F6C57}.Release|Any CPU.ActiveCfg = Release|Any CPU
		{03B1015B-3FF1-4AC7-9591-30BF4F8F6C57}.Release|Any CPU.Build.0 = Release|Any CPU
		{3AAF8098-C464-494A-8143-A38CEE68730C}.Debug|Any CPU.ActiveCfg = Debug|Any CPU
		{3AAF8098-C464-494A-8143-A38CEE68730C}.Debug|Any CPU.Build.0 = Debug|Any CPU
		{3AAF8098-C464-494A-8143-A38CEE68730C}.Release|Any CPU.ActiveCfg = Release|Any CPU
		{3AAF8098-C464-494A-8143-A38CEE68730C}.Release|Any CPU.Build.0 = Release|Any CPU
		{5C1D1177-35C0-4FD2-9FBB-7F29615C51A9}.Debug|Any CPU.ActiveCfg = Debug|Any CPU
		{5C1D1177-35C0-4FD2-9FBB-7F29615C51A9}.Debug|Any CPU.Build.0 = Debug|Any CPU
		{5C1D1177-35C0-4FD2-9FBB-7F29615C51A9}.Release|Any CPU.ActiveCfg = Release|Any CPU
		{5C1D1177-35C0-4FD2-9FBB-7F29615C51A9}.Release|Any CPU.Build.0 = Release|Any CPU
	EndGlobalSection
	GlobalSection(SolutionProperties) = preSolution
		HideSolutionNode = FALSE
	EndGlobalSection
	GlobalSection(NestedProjects) = preSolution
		{19084DE8-1DFF-46E2-9342-C10BF6D3C6D8} = {B1AEA81B-1EA1-4038-AFE8-FD457AF01E3F}
		{4623A7C8-61B3-4BBE-AE91-DFC9DA1A05CD} = {F529E152-B129-4AB5-A176-9D1F10D0150D}
		{382A6818-1D5E-4211-B16A-060488011085} = {F529E152-B129-4AB5-A176-9D1F10D0150D}
		{978D99AC-7563-47C2-8926-68EF7FACBF7C} = {7B980A40-841F-475D-99B8-8EC7C0D735A5}
		{A69B5544-9EF2-4F2D-8902-5F55A4EFCBE4} = {7B980A40-841F-475D-99B8-8EC7C0D735A5}
		{D2EB145D-10C6-4491-AB71-BAF2266C8782} = {3D0F809D-D223-4334-9145-1FD66EE17AC6}
		{41AB9AC6-93A8-44AB-AE97-EE9EEB196482} = {3D0F809D-D223-4334-9145-1FD66EE17AC6}
		{0816876C-C870-4FFD-9E15-E65B8FB30D74} = {41AB9AC6-93A8-44AB-AE97-EE9EEB196482}
		{C4E25407-5053-4B91-A0AD-CD13691CCD25} = {A974808E-9D7C-47A8-80A5-47FA17BAD3E3}
		{7ABCFF0E-9A1C-492E-9B27-4259324D6EE2} = {B1AEA81B-1EA1-4038-AFE8-FD457AF01E3F}
		{00D60892-FF38-410C-81F2-0F4DA561EAE8} = {F54B05EB-A5D6-4DA1-8A8B-F20D9EEC5E5D}
		{0204B06C-5A4E-4125-BCF5-391E4BB29036} = {AFB95170-B7B0-4695-B8CD-90857EE1034B}
		{1251822B-334B-4628-B172-47E19CC138EE} = {AFB95170-B7B0-4695-B8CD-90857EE1034B}
		{E2E7983C-09D8-41E7-B204-0F529CE3001D} = {1DBCB012-A731-4493-9CBC-073A3B572852}
		{9977EBCB-6EA7-4367-9977-E2BFEB04E24E} = {E312C1AC-3D74-4B45-814F-4BF9694FBC7B}
		{1DBCB012-A731-4493-9CBC-073A3B572852} = {E312C1AC-3D74-4B45-814F-4BF9694FBC7B}
		{335DA5A0-8860-461A-AFB7-C8C5E22CEE5C} = {9977EBCB-6EA7-4367-9977-E2BFEB04E24E}
		{510259B0-2E4D-4EDB-B30A-83966EF26B65} = {F9180E8F-72F2-4C57-AF8F-21497C6A3B80}
		{AC5AEE8D-9DD6-469E-86E2-095B3FB1804A} = {F9180E8F-72F2-4C57-AF8F-21497C6A3B80}
		{6D13878F-D661-4895-A3B1-D46B0CFC7344} = {F9180E8F-72F2-4C57-AF8F-21497C6A3B80}
		{901ED90C-BE19-4874-AF6E-C02F58A4EBCE} = {F9180E8F-72F2-4C57-AF8F-21497C6A3B80}
		{D9E56FA5-2F6A-4019-9663-868CB464B810} = {F9180E8F-72F2-4C57-AF8F-21497C6A3B80}
		{0498C457-6543-4F85-84DB-471CA52C87B8} = {F9180E8F-72F2-4C57-AF8F-21497C6A3B80}
		{7FE83484-BA8D-425F-A419-9CF974C6D510} = {F9180E8F-72F2-4C57-AF8F-21497C6A3B80}
		{9D3E8FAA-E40D-4B73-8F0D-ACA88159498A} = {F9180E8F-72F2-4C57-AF8F-21497C6A3B80}
		{9DE390FD-D021-4D05-86EC-C6778205528B} = {F9180E8F-72F2-4C57-AF8F-21497C6A3B80}
		{07631541-C731-4381-ADBD-55FE38FD47C0} = {F9180E8F-72F2-4C57-AF8F-21497C6A3B80}
		{670D2096-010B-4287-BDFE-E2E321C67E4D} = {F9180E8F-72F2-4C57-AF8F-21497C6A3B80}
		{BE05A1A1-B6AA-4552-8BD3-A25823B5FD2E} = {F9180E8F-72F2-4C57-AF8F-21497C6A3B80}
		{BE53170A-573A-46F6-B549-C96A7C0F546E} = {F9180E8F-72F2-4C57-AF8F-21497C6A3B80}
		{E86087D1-4404-4C77-B3F5-E312DEB7C9EA} = {F9180E8F-72F2-4C57-AF8F-21497C6A3B80}
		{0A154D1A-CE6E-4391-9CA9-D41CC90CDD3C} = {157AC384-CC23-4DC0-83D5-FC73F38DADEE}
		{8A030C13-1650-4253-879F-EEEB21995E44} = {DE4DBE3B-D391-404B-84A3-9A38CD98778A}
		{923C7A0A-59AC-47EE-AE01-F7009F8C5030} = {8A030C13-1650-4253-879F-EEEB21995E44}
		{8C875C0D-79D0-4593-886F-947F5FFF1328} = {8A030C13-1650-4253-879F-EEEB21995E44}
		{529A3197-67EE-4592-AA8A-E09350033724} = {33DC79BA-C013-4DBE-9267-8CE00651058C}
		{03B1015B-3FF1-4AC7-9591-30BF4F8F6C57} = {33DC79BA-C013-4DBE-9267-8CE00651058C}
		{3AAF8098-C464-494A-8143-A38CEE68730C} = {33DC79BA-C013-4DBE-9267-8CE00651058C}
		{5C1D1177-35C0-4FD2-9FBB-7F29615C51A9} = {9977EBCB-6EA7-4367-9977-E2BFEB04E24E}
	EndGlobalSection
	GlobalSection(ExtensibilityGlobals) = postSolution
		SolutionGuid = {336C3813-A483-475F-A052-B6EE7B556D38}
	EndGlobalSection
EndGlobal
